{
  "nodes": {
    "nixpkgs": {
      "locked": {
        "lastModified": 1611875438,
        "narHash": "sha256-v4O9NoMloWdpwXniggABuFSchyzYTr6DzSBpmW0fUWg=",
        "owner": "NixOS",
        "repo": "nixpkgs",
        "rev": "2520b036d12240cfaa2244dbc466b749f472ea17",
        "type": "github"
      },
      "original": {
        "id": "nixpkgs",
        "type": "indirect"
      }
    },
    "root": {
      "inputs": {
        "nixpkgs": "nixpkgs"
      }
    }
  },
  "root": "root",
  "version": 7
}
